<Solution>
  <Project Path="src/LabPlot.Core/LabPlot.Core.csproj" />
  <Project Path="src/LabPlot.Core.Wpf/LabPlot.Core.Wpf.csproj" />
  <Project Path="src/LabPlot.Core.Avalonia/LabPlot.Core.Avalonia.csproj" />
  <Project Path="src/LabPlot.Shell/LabPlot.Shell.csproj" />
  <Project Path="src/LabPlot.Shell.Avalonia/LabPlot.Shell.Avalonia.csproj" />
  <Project Path="src/LabPlot.GPC/GpcAnalyzer.Core/GpcAnalyzer.Core.csproj" />
  <Project Path="src/LabPlot.GPC/GpcAnalyzer.Tests/GpcAnalyzer.Tests.csproj" />
  <Project Path="src/LabPlot.GPC/GpcAnalyzer.Benchmarks/GpcAnalyzer.Benchmarks.csproj" />
  <Project Path="src/LabPlot.GPC/GPC_Visualization/GPC_Visualization.csproj" />
  <Project Path="src/LabPlot.Spectrum/SpectrumAnalyzer.Core/SpectrumAnalyzer.Core.csproj" />
  <Project Path="src/LabPlot.Spectrum/SpectrumAnalyzer.Tests/SpectrumAnalyzer.Tests.csproj" />
  <Project Path="src/LabPlot.Spectrum/SpectrumAnalyzer.Benchmarks/SpectrumAnalyzer.Benchmarks.csproj" />
  <Project Path="src/LabPlot.Spectrum/Spectrum_Visualization/Spectrum_Visualization.csproj" />
  <Project Path="src/LabPlot.DLS/DlsAnalyzer.Core/DlsAnalyzer.Core.csproj" />
  <Project Path="src/LabPlot.DLS/DlsAnalyzer.Tests/DlsAnalyzer.Tests.csproj" />
  <Project Path="src/LabPlot.DLS/DlsAnalyzer.Benchmarks/DlsAnalyzer.Benchmarks.csproj" />
  <Project Path="src/LabPlot.DLS/LabPlot.DLS/LabPlot.DLS.csproj" />
  <Project Path="src/LabPlot.Viewer/DataViewer.Core/DataViewer.Core.csproj" />
  <Project Path="src/LabPlot.Viewer/DataViewer.Tests/DataViewer.Tests.csproj" />
  <Project Path="src/LabPlot.DLS.Avalonia/LabPlot.DLS.Avalonia.csproj" />
  <Project Path="src/LabPlot.GPC.Avalonia/LabPlot.GPC.Avalonia.csproj" />
  <Project Path="src/LabPlot.Spectrum.Avalonia/LabPlot.Spectrum.Avalonia.csproj" />
</Solution>
